{
  "requires": true,
  "lockfileVersion": 1,
  "dependencies": {
    "cofeescript": {
      "version": "0.0.1-security",
      "resolved": "https://registry.npmjs.org/cofeescript/-/cofeescript-0.0.1-security.tgz",
      "integrity": "sha512-IbFb4QmTRIGXJJYvuOnVYsjIMJK0kcmyWsgzJ3A60Qy3YPvoERFNvvRvIc6rVk0yiIyZqOZWK7UWdmJ+/S9+iw=="
    },
    "coffeescript": {
      "version": "2.4.1",
      "resolved": "https://registry.npmjs.org/coffeescript/-/coffeescript-2.4.1.tgz",
      "integrity": "sha512-34GV1aHrsMpTaO3KfMJL40ZNuvKDR/g98THHnE9bQj8HjMaZvSrLik99WWqyMhRtbe8V5hpx5iLgdcSvM/S2wg=="
    },
    "lodash": {
      "version": "4.17.15",
      "resolved": "https://registry.npmjs.org/lodash/-/lodash-4.17.15.tgz",
      "integrity": "sha512-8xOcRHvCjnocdS5cpwXQXVzmmh5e5+saE2QGoeQmbKmRS6J3VQppPOIt0MnmE+4xlZoumy0GPG0D0MVIQbNA1A=="
    }
  }
}
